{
  "name": "nazodb",
  "lockfileVersion": 3,
  "requires": true,
  "packages": {
    "": {
      "dependencies": {
        "@vueform/multiselect": "^2.6.7"
      }
    },
    "node_modules/@vueform/multiselect": {
      "version": "2.6.7",
      "resolved": "https://registry.npmjs.org/@vueform/multiselect/-/multiselect-2.6.7.tgz",
      "integrity": "sha512-d0iwfzsj+N27o/JPE1KXbf0rVtwIe33dqlkQcOPxOP0RS6mW9umQG1hcuFEpdqNajuryHB9N4zo0rEcGmN20xQ=="
    }
  }
}
